
Microsoft Visual Studio Solution File, Format Version 12.00
# Visual Studio Version 16
VisualStudioVersion = 16.0.809.5
MinimumVisualStudioVersion = 10.0.40219.1
Project("{FAE04EC0-301F-11D3-BF4B-00C04F79EFBC}") = "MoviesWeb", "MoviesWeb.csproj", "{EC8ED044-99A5-4112-9638-96F3F20B1DB3}"
EndProject
Global
	GlobalSection(SolutionConfigurationPlatforms) = preSolution
		Debug|Any CPU = Debug|Any CPU
		Release|Any CPU = Release|Any CPU
	EndGlobalSection
	GlobalSection(ProjectConfigurationPlatforms) = postSolution
		{EC8ED044-99A5-4112-9638-96F3F20B1DB3}.Debug|Any CPU.ActiveCfg = Debug|Any CPU
		{EC8ED044-99A5-4112-9638-96F3F20B1DB3}.Debug|Any CPU.Build.0 = Debug|Any CPU
		{EC8ED044-99A5-4112-9638-96F3F20B1DB3}.Release|Any CPU.ActiveCfg = Release|Any CPU
		{EC8ED044-99A5-4112-9638-96F3F20B1DB3}.Release|Any CPU.Build.0 = Release|Any CPU
	EndGlobalSection
	GlobalSection(SolutionProperties) = preSolution
		HideSolutionNode = FALSE
	EndGlobalSection
	GlobalSection(ExtensibilityGlobals) = postSolution
		SolutionGuid = {1EB3A876-E067-48EC-A719-0C31D42BEFF9}
	EndGlobalSection
EndGlobal
